// !$*UTF8*$!
{
	archiveVersion = 1;
	classes = {
	};
	objectVersion = 50;
	objects = {

/* Begin PBXBuildFile section */
		AD0936C621522C2C00227B52 /* AppDelegate.swift in Sources */ = {isa = PBXBuildFile; fileRef = AD0936C521522C2C00227B52 /* AppDelegate.swift */; };
		AD0936C821522C2C00227B52 /* ViewController.swift in Sources */ = {isa = PBXBuildFile; fileRef = AD0936C721522C2C00227B52 /* ViewController.swift */; };
		AD0936CB21522C2C00227B52 /* Main.storyboard in Resources */ = {isa = PBXBuildFile; fileRef = AD0936C921522C2C00227B52 /* Main.storyboard */; };
		AD0936CD21522C2E00227B52 /* Assets.xcassets in Resources */ = {isa = PBXBuildFile; fileRef = AD0936CC21522C2E00227B52 /* Assets.xcassets */; };
		AD0936D021522C2E00227B52 /* LaunchScreen.storyboard in Resources */ = {isa = PBXBuildFile; fileRef = AD0936CE21522C2E00227B52 /* LaunchScreen.storyboard */; };
		AD597AEF22FD6EF100AA0B9D /* DateConstant.swift in Sources */ = {isa = PBXBuildFile; fileRef = AD597AEB22FD6EF000AA0B9D /* DateConstant.swift */; };
		AD597AF022FD6EF100AA0B9D /* Minute.swift in Sources */ = {isa = PBXBuildFile; fileRef = AD597AEC22FD6EF100AA0B9D /* Minute.swift */; };
		AD597AF122FD6EF100AA0B9D /* Hour.swift in Sources */ = {isa = PBXBuildFile; fileRef = AD597AED22FD6EF100AA0B9D /* Hour.swift */; };
		AD597AF222FD6EF100AA0B9D /* Day.swift in Sources */ = {isa = PBXBuildFile; fileRef = AD597AEE22FD6EF100AA0B9D /* Day.swift */; };
		AD82656222FFFE11005B65D3 /* WeekDayWorkTime.swift in Sources */ = {isa = PBXBuildFile; fileRef = AD82656122FFFE11005B65D3 /* WeekDayWorkTime.swift */; };
		AD82656423000180005B65D3 /* DatePickerViewModel.swift in Sources */ = {isa = PBXBuildFile; fileRef = AD82656323000180005B65D3 /* DatePickerViewModel.swift */; };
		AD99723C2174B36E007D8D84 /* DatePickerDataSource.swift in Sources */ = {isa = PBXBuildFile; fileRef = AD99723B2174B36E007D8D84 /* DatePickerDataSource.swift */; };
/* End PBXBuildFile section */

/* Begin PBXFileReference section */
		AD0936C221522C2C00227B52 /* PickerView.app */ = {isa = PBXFileReference; explicitFileType = wrapper.application; includeInIndex = 0; path = PickerView.app; sourceTree = BUILT_PRODUCTS_DIR; };
		AD0936C521522C2C00227B52 /* AppDelegate.swift */ = {isa = PBXFileReference; lastKnownFileType = sourcecode.swift; path = AppDelegate.swift; sourceTree = "<group>"; };
		AD0936C721522C2C00227B52 /* ViewController.swift */ = {isa = PBXFileReference; lastKnownFileType = sourcecode.swift; path = ViewController.swift; sourceTree = "<group>"; };
		AD0936CA21522C2C00227B52 /* Base */ = {isa = PBXFileReference; lastKnownFileType = file.storyboard; name = Base; path = Base.lproj/Main.storyboard; sourceTree = "<group>"; };
		AD0936CC21522C2E00227B52 /* Assets.xcassets */ = {isa = PBXFileReference; lastKnownFileType = folder.assetcatalog; path = Assets.xcassets; sourceTree = "<group>"; };
		AD0936CF21522C2E00227B52 /* Base */ = {isa = PBXFileReference; lastKnownFileType = file.storyboard; name = Base; path = Base.lproj/LaunchScreen.storyboard; sourceTree = "<group>"; };
		AD0936D121522C2E00227B52 /* Info.plist */ = {isa = PBXFileReference; lastKnownFileType = text.plist.xml; path = Info.plist; sourceTree = "<group>"; };
		AD597AEB22FD6EF000AA0B9D /* DateConstant.swift */ = {isa = PBXFileReference; fileEncoding = 4; lastKnownFileType = sourcecode.swift; path = DateConstant.swift; sourceTree = "<group>"; };
		AD597AEC22FD6EF100AA0B9D /* Minute.swift */ = {isa = PBXFileReference; fileEncoding = 4; lastKnownFileType = sourcecode.swift; name = Minute.swift; path = /Users/a.ostroverkhov/Documents/Projects/PickerView/PickerView/DatePicker/Minute.swift; sourceTree = "<absolute>"; };
		AD597AED22FD6EF100AA0B9D /* Hour.swift */ = {isa = PBXFileReference; fileEncoding = 4; lastKnownFileType = sourcecode.swift; path = Hour.swift; sourceTree = "<group>"; };
		AD597AEE22FD6EF100AA0B9D /* Day.swift */ = {isa = PBXFileReference; fileEncoding = 4; lastKnownFileType = sourcecode.swift; path = Day.swift; sourceTree = "<group>"; };
		AD82656122FFFE11005B65D3 /* WeekDayWorkTime.swift */ = {isa = PBXFileReference; lastKnownFileType = sourcecode.swift; name = WeekDayWorkTime.swift; path = PickerView/DatePicker/WeekDayWorkTime.swift; sourceTree = SOURCE_ROOT; };
		AD82656323000180005B65D3 /* DatePickerViewModel.swift */ = {isa = PBXFileReference; lastKnownFileType = sourcecode.swift; path = DatePickerViewModel.swift; sourceTree = "<group>"; };
		AD99723B2174B36E007D8D84 /* DatePickerDataSource.swift */ = {isa = PBXFileReference; lastKnownFileType = sourcecode.swift; path = DatePickerDataSource.swift; sourceTree = "<group>"; };
/* End PBXFileReference section */

/* Begin PBXFrameworksBuildPhase section */
		AD0936BF21522C2C00227B52 /* Frameworks */ = {
			isa = PBXFrameworksBuildPhase;
			buildActionMask = 2147483647;
			files = (
			);
			runOnlyForDeploymentPostprocessing = 0;
		};
/* End PBXFrameworksBuildPhase section */

/* Begin PBXGroup section */
		AD0936B921522C2C00227B52 = {
			isa = PBXGroup;
			children = (
				AD0936C421522C2C00227B52 /* PickerView */,
				AD0936C321522C2C00227B52 /* Products */,
			);
			sourceTree = "<group>";
		};
		AD0936C321522C2C00227B52 /* Products */ = {
			isa = PBXGroup;
			children = (
				AD0936C221522C2C00227B52 /* PickerView.app */,
			);
			name = Products;
			sourceTree = "<group>";
		};
		AD0936C421522C2C00227B52 /* PickerView */ = {
			isa = PBXGroup;
			children = (
				AD597AF322FD6F7700AA0B9D /* DatePicker */,
				AD0936C521522C2C00227B52 /* AppDelegate.swift */,
				AD0936C721522C2C00227B52 /* ViewController.swift */,
				AD0936C921522C2C00227B52 /* Main.storyboard */,
				AD0936CC21522C2E00227B52 /* Assets.xcassets */,
				AD0936CE21522C2E00227B52 /* LaunchScreen.storyboard */,
				AD0936D121522C2E00227B52 /* Info.plist */,
			);
			path = PickerView;
			sourceTree = "<group>";
		};
		AD597AF322FD6F7700AA0B9D /* DatePicker */ = {
			isa = PBXGroup;
			children = (
				AD99723B2174B36E007D8D84 /* DatePickerDataSource.swift */,
				AD597AEB22FD6EF000AA0B9D /* DateConstant.swift */,
				AD597AEE22FD6EF100AA0B9D /* Day.swift */,
				AD597AED22FD6EF100AA0B9D /* Hour.swift */,
				AD597AEC22FD6EF100AA0B9D /* Minute.swift */,
				AD82656122FFFE11005B65D3 /* WeekDayWorkTime.swift */,
				AD82656323000180005B65D3 /* DatePickerViewModel.swift */,
			);
			path = DatePicker;
			sourceTree = "<group>";
		};
/* End PBXGroup section */

/* Begin PBXNativeTarget section */
		AD0936C121522C2C00227B52 /* PickerView */ = {
			isa = PBXNativeTarget;
			buildConfigurationList = AD0936D421522C2E00227B52 /* Build configuration list for PBXNativeTarget "PickerView" */;
			buildPhases = (
				AD0936BE21522C2C00227B52 /* Sources */,
				AD0936BF21522C2C00227B52 /* Frameworks */,
				AD0936C021522C2C00227B52 /* Resources */,
			);
			buildRules = (
			);
			dependencies = (
			);
			name = PickerView;
			productName = PickerView;
			productReference = AD0936C221522C2C00227B52 /* PickerView.app */;
			productType = "com.apple.product-type.application";
		};
/* End PBXNativeTarget section */

/* Begin PBXProject section */
		AD0936BA21522C2C00227B52 /* Project object */ = {
			isa = PBXProject;
			attributes = {
				LastSwiftUpdateCheck = 1000;
				LastUpgradeCheck = 1000;
				ORGANIZATIONNAME = a.ostroverkhov;
				TargetAttributes = {
					AD0936C121522C2C00227B52 = {
						CreatedOnToolsVersion = 10.0;
						LastSwiftMigration = 1020;
					};
				};
			};
			buildConfigurationList = AD0936BD21522C2C00227B52 /* Build configuration list for PBXProject "PickerView" */;
			compatibilityVersion = "Xcode 9.3";
			developmentRegion = en;
			hasScannedForEncodings = 0;
			knownRegions = (
				en,
				Base,
			);
			mainGroup = AD0936B921522C2C00227B52;
			productRefGroup = AD0936C321522C2C00227B52 /* Products */;
			projectDirPath = "";
			projectRoot = "";
			targets = (
				AD0936C121522C2C00227B52 /* PickerView */,
			);
		};
/* End PBXProject section */

/* Begin PBXResourcesBuildPhase section */
		AD0936C021522C2C00227B52 /* Resources */ = {
			isa = PBXResourcesBuildPhase;
			buildActionMask = 2147483647;
			files = (
				AD0936D021522C2E00227B52 /* LaunchScreen.storyboard in Resources */,
				AD0936CD21522C2E00227B52 /* Assets.xcassets in Resources */,
				AD0936CB21522C2C00227B52 /* Main.storyboard in Resources */,
			);
			runOnlyForDeploymentPostprocessing = 0;
		};
/* End PBXResourcesBuildPhase section */

/* Begin PBXSourcesBuildPhase section */
		AD0936BE21522C2C00227B52 /* Sources */ = {
			isa = PBXSourcesBuildPhase;
			buildActionMask = 2147483647;
			files = (
				AD597AF022FD6EF100AA0B9D /* Minute.swift in Sources */,
				AD597AF222FD6EF100AA0B9D /* Day.swift in Sources */,
				AD0936C821522C2C00227B52 /* ViewController.swift in Sources */,
				AD0936C621522C2C00227B52 /* AppDelegate.swift in Sources */,
				AD597AEF22FD6EF100AA0B9D /* DateConstant.swift in Sources */,
				AD99723C2174B36E007D8D84 /* DatePickerDataSource.swift in Sources */,
				AD82656423000180005B65D3 /* DatePickerViewModel.swift in Sources */,
				AD82656222FFFE11005B65D3 /* WeekDayWorkTime.swift in Sources */,
				AD597AF122FD6EF100AA0B9D /* Hour.swift in Sources */,
			);
			runOnlyForDeploymentPostprocessing = 0;
		};
/* End PBXSourcesBuildPhase section */

/* Begin PBXVariantGroup section */
		AD0936C921522C2C00227B52 /* Main.storyboard */ = {
			isa = PBXVariantGroup;
			children = (
				AD0936CA21522C2C00227B52 /* Base */,
			);
			name = Main.storyboard;
			sourceTree = "<group>";
		};
		AD0936CE21522C2E00227B52 /* LaunchScreen.storyboard */ = {
			isa = PBXVariantGroup;
			children = (
				AD0936CF21522C2E00227B52 /* Base */,
			);
			name = LaunchScreen.storyboard;
			sourceTree = "<group>";
		};
/* End PBXVariantGroup section */

/* Begin XCBuildConfiguration section */
		AD0936D221522C2E00227B52 /* Debug */ = {
			isa = XCBuildConfiguration;
			buildSettings = {
				ALWAYS_SEARCH_USER_PATHS = NO;
				CLANG_ANALYZER_NONNULL = YES;
				CLANG_ANALYZER_NUMBER_OBJECT_CONVERSION = YES_AGGRESSIVE;
				CLANG_CXX_LANGUAGE_STANDARD = "gnu++14";
				CLANG_CXX_LIBRARY = "libc++";
				CLANG_ENABLE_MODULES = YES;
				CLANG_ENABLE_OBJC_ARC = YES;
				CLANG_ENABLE_OBJC_WEAK = YES;
				CLANG_WARN_BLOCK_CAPTURE_AUTORELEASING = YES;
				CLANG_WARN_BOOL_CONVERSION = YES;
				CLANG_WARN_COMMA = YES;
				CLANG_WARN_CONSTANT_CONVERSION = YES;
				CLANG_WARN_DEPRECATED_OBJC_IMPLEMENTATIONS = YES;
				CLANG_WARN_DIRECT_OBJC_ISA_USAGE = YES_ERROR;
				CLANG_WARN_DOCUMENTATION_COMMENTS = YES;
				CLANG_WARN_EMPTY_BODY = YES;
				CLANG_WARN_ENUM_CONVERSION = YES;
				CLANG_WARN_INFINITE_RECURSION = YES;
				CLANG_WARN_INT_CONVERSION = YES;
				CLANG_WARN_NON_LITERAL_NULL_CONVERSION = YES;
				CLANG_WARN_OBJC_IMPLICIT_RETAIN_SELF = YES;
				CLANG_WARN_OBJC_LITERAL_CONVERSION = YES;
				CLANG_WARN_OBJC_ROOT_CLASS = YES_ERROR;
				CLANG_WARN_RANGE_LOOP_ANALYSIS = YES;
				CLANG_WARN_STRICT_PROTOTYPES = YES;
				CLANG_WARN_SUSPICIOUS_MOVE = YES;
				CLANG_WARN_UNGUARDED_AVAILABILITY = YES_AGGRESSIVE;
				CLANG_WARN_UNREACHABLE_CODE = YES;
				CLANG_WARN__DUPLICATE_METHOD_MATCH = YES;
				CODE_SIGN_IDENTITY = "iPhone Developer";
				COPY_PHASE_STRIP = NO;
				DEBUG_INFORMATION_FORMAT = dwarf;
				ENABLE_STRICT_OBJC_MSGSEND = YES;
				ENABLE_TESTABILITY = YES;
				GCC_C_LANGUAGE_STANDARD = gnu11;
				GCC_DYNAMIC_NO_PIC = NO;
				GCC_NO_COMMON_BLOCKS = YES;
				GCC_OPTIMIZATION_LEVEL = 0;
				GCC_PREPROCESSOR_DEFINITIONS = (
					"DEBUG=1",
					"$(inherited)",
				);
				GCC_WARN_64_TO_32_BIT_CONVERSION = YES;
				GCC_WARN_ABOUT_RETURN_TYPE = YES_ERROR;
				GCC_WARN_UNDECLARED_SELECTOR = YES;
				GCC_WARN_UNINITIALIZED_AUTOS = YES_AGGRESSIVE;
				GCC_WARN_UNUSED_FUNCTION = YES;
				GCC_WARN_UNUSED_VARIABLE = YES;
				IPHONEOS_DEPLOYMENT_TARGET = 12.0;
				MTL_ENABLE_DEBUG_INFO = INCLUDE_SOURCE;
				MTL_FAST_MATH = YES;
				ONLY_ACTIVE_ARCH = YES;
				SDKROOT = iphoneos;
				SWIFT_ACTIVE_COMPILATION_CONDITIONS = DEBUG;
				SWIFT_OPTIMIZATION_LEVEL = "-Onone";
			};
			name = Debug;
		};
		AD0936D321522C2E00227B52 /* Release */ = {
			isa = XCBuildConfiguration;
			buildSettings = {
				ALWAYS_SEARCH_USER_PATHS = NO;
				CLANG_ANALYZER_NONNULL = YES;
				CLANG_ANALYZER_NUMBER_OBJECT_CONVERSION = YES_AGGRESSIVE;
				CLANG_CXX_LANGUAGE_STANDARD = "gnu++14";
				CLANG_CXX_LIBRARY = "libc++";
				CLANG_ENABLE_MODULES = YES;
				CLANG_ENABLE_OBJC_ARC = YES;
				CLANG_ENABLE_OBJC_WEAK = YES;
				CLANG_WARN_BLOCK_CAPTURE_AUTORELEASING = YES;
				CLANG_WARN_BOOL_CONVERSION = YES;
				CLANG_WARN_COMMA = YES;
				CLANG_WARN_CONSTANT_CONVERSION = YES;
				CLANG_WARN_DEPRECATED_OBJC_IMPLEMENTATIONS = YES;
				CLANG_WARN_DIRECT_OBJC_ISA_USAGE = YES_ERROR;
				CLANG_WARN_DOCUMENTATION_COMMENTS = YES;
				CLANG_WARN_EMPTY_BODY = YES;
				CLANG_WARN_ENUM_CONVERSION = YES;
				CLANG_WARN_INFINITE_RECURSION = YES;
				CLANG_WARN_INT_CONVERSION = YES;
				CLANG_WARN_NON_LITERAL_NULL_CONVERSION = YES;
				CLANG_WARN_OBJC_IMPLICIT_RETAIN_SELF = YES;
				CLANG_WARN_OBJC_LITERAL_CONVERSION = YES;
				CLANG_WARN_OBJC_ROOT_CLASS = YES_ERROR;
				CLANG_WARN_RANGE_LOOP_ANALYSIS = YES;
				CLANG_WARN_STRICT_PROTOTYPES = YES;
				CLANG_WARN_SUSPICIOUS_MOVE = YES;
				CLANG_WARN_UNGUARDED_AVAILABILITY = YES_AGGRESSIVE;
				CLANG_WARN_UNREACHABLE_CODE = YES;
				CLANG_WARN__DUPLICATE_METHOD_MATCH = YES;
				CODE_SIGN_IDENTITY = "iPhone Developer";
				COPY_PHASE_STRIP = NO;
				DEBUG_INFORMATION_FORMAT = "dwarf-with-dsym";
				ENABLE_NS_ASSERTIONS = NO;
				ENABLE_STRICT_OBJC_MSGSEND = YES;
				GCC_C_LANGUAGE_STANDARD = gnu11;
				GCC_NO_COMMON_BLOCKS = YES;
				GCC_WARN_64_TO_32_BIT_CONVERSION = YES;
				GCC_WARN_ABOUT_RETURN_TYPE = YES_ERROR;
				GCC_WARN_UNDECLARED_SELECTOR = YES;
				GCC_WARN_UNINITIALIZED_AUTOS = YES_AGGRESSIVE;
				GCC_WARN_UNUSED_FUNCTION = YES;
				GCC_WARN_UNUSED_VARIABLE = YES;
				IPHONEOS_DEPLOYMENT_TARGET = 12.0;
				MTL_ENABLE_DEBUG_INFO = NO;
				MTL_FAST_MATH = YES;
				SDKROOT = iphoneos;
				SWIFT_COMPILATION_MODE = wholemodule;
				SWIFT_OPTIMIZATION_LEVEL = "-O";
				VALIDATE_PRODUCT = YES;
			};
			name = Release;
		};
		AD0936D521522C2E00227B52 /* Debug */ = {
			isa = XCBuildConfiguration;
			buildSettings = {
				ASSETCATALOG_COMPILER_APPICON_NAME = AppIcon;
				CODE_SIGN_STYLE = Automatic;
				INFOPLIST_FILE = PickerView/Info.plist;
				LD_RUNPATH_SEARCH_PATHS = (
					"$(inherited)",
					"@executable_path/Frameworks",
				);
				PRODUCT_BUNDLE_IDENTIFIER = com.example.PickerView;
				PRODUCT_NAME = "$(TARGET_NAME)";
				SWIFT_VERSION = 5.0;
				TARGETED_DEVICE_FAMILY = "1,2";
			};
			name = Debug;
		};
		AD0936D621522C2E00227B52 /* Release */ = {
			isa = XCBuildConfiguration;
			buildSettings = {
				ASSETCATALOG_COMPILER_APPICON_NAME = AppIcon;
				CODE_SIGN_STYLE = Automatic;
				INFOPLIST_FILE = PickerView/Info.plist;
				LD_RUNPATH_SEARCH_PATHS = (
					"$(inherited)",
					"@executable_path/Frameworks",
				);
				PRODUCT_BUNDLE_IDENTIFIER = com.example.PickerView;
				PRODUCT_NAME = "$(TARGET_NAME)";
				SWIFT_VERSION = 5.0;
				TARGETED_DEVICE_FAMILY = "1,2";
			};
			name = Release;
		};
/* End XCBuildConfiguration section */

/* Begin XCConfigurationList section */
		AD0936BD21522C2C00227B52 /* Build configuration list for PBXProject "PickerView" */ = {
			isa = XCConfigurationList;
			buildConfigurations = (
				AD0936D221522C2E00227B52 /* Debug */,
				AD0936D321522C2E00227B52 /* Release */,
			);
			defaultConfigurationIsVisible = 0;
			defaultConfigurationName = Release;
		};
		AD0936D421522C2E00227B52 /* Build configuration list for PBXNativeTarget "PickerView" */ = {
			isa = XCConfigurationList;
			buildConfigurations = (
				AD0936D521522C2E00227B52 /* Debug */,
				AD0936D621522C2E00227B52 /* Release */,
			);
			defaultConfigurationIsVisible = 0;
			defaultConfigurationName = Release;
		};
/* End XCConfigurationList section */
	};
	rootObject = AD0936BA21522C2C00227B52 /* Project object */;
}
